{
  "requires": true,
  "lockfileVersion": 1,
  "dependencies": {
    "@types/shuffle-array": {
      "version": "1.0.0",
      "resolved": "https://registry.npmjs.org/@types/shuffle-array/-/shuffle-array-1.0.0.tgz",
      "integrity": "sha512-GEf8V/vpb5OD0OFtGAaOJqMFA2m4MnOQdyc/5ncdudkACxAR0ynOShik/Y2rRcmxdqQIuFMFGB5UjhGDC+dwjA=="
    }
  }
}
